
Microsoft Visual Studio Solution File, Format Version 12.00
# Visual Studio 15
Project("{FAE04EC0-301F-11D3-BF4B-00C04F79EFBC}") = "BankEncapsulation", "BankEncapsulation\BankEncapsulation.csproj", "{2136B69B-AF44-4D72-B686-3C142198185E}"
EndProject
Global
	GlobalSection(SolutionConfigurationPlatforms) = preSolution
		Debug|Any CPU = Debug|Any CPU
		Release|Any CPU = Release|Any CPU
	EndGlobalSection
	GlobalSection(ProjectConfigurationPlatforms) = postSolution
		{2136B69B-AF44-4D72-B686-3C142198185E}.Debug|Any CPU.ActiveCfg = Debug|Any CPU
		{2136B69B-AF44-4D72-B686-3C142198185E}.Debug|Any CPU.Build.0 = Debug|Any CPU
		{2136B69B-AF44-4D72-B686-3C142198185E}.Release|Any CPU.ActiveCfg = Release|Any CPU
		{2136B69B-AF44-4D72-B686-3C142198185E}.Release|Any CPU.Build.0 = Release|Any CPU
	EndGlobalSection
EndGlobal
